// !$*UTF8*$!
{
	archiveVersion = 1;
	classes = {
	};
	objectVersion = 56;
	objects = {

/* Begin PBXBuildFile section */
		55F5B5022B03539800723842 /* TodoListDemoApp.swift in Sources */ = {isa = PBXBuildFile; fileRef = 55F5B5012B03539800723842 /* TodoListDemoApp.swift */; };
		55F5B5042B03539800723842 /* ContentView.swift in Sources */ = {isa = PBXBuildFile; fileRef = 55F5B5032B03539800723842 /* ContentView.swift */; };
		55F5B5062B03539B00723842 /* Assets.xcassets in Resources */ = {isa = PBXBuildFile; fileRef = 55F5B5052B03539B00723842 /* Assets.xcassets */; };
		55F5B5092B03539B00723842 /* Preview Assets.xcassets in Resources */ = {isa = PBXBuildFile; fileRef = 55F5B5082B03539B00723842 /* Preview Assets.xcassets */; };
		55F5B5132B03539B00723842 /* TodoListDemoTests.swift in Sources */ = {isa = PBXBuildFile; fileRef = 55F5B5122B03539B00723842 /* TodoListDemoTests.swift */; };
		55F5B51D2B03539B00723842 /* TodoListDemoUITests.swift in Sources */ = {isa = PBXBuildFile; fileRef = 55F5B51C2B03539B00723842 /* TodoListDemoUITests.swift */; };
		55F5B51F2B03539B00723842 /* TodoListDemoUITestsLaunchTests.swift in Sources */ = {isa = PBXBuildFile; fileRef = 55F5B51E2B03539B00723842 /* TodoListDemoUITestsLaunchTests.swift */; };
		55F5B52C2B037C3900723842 /* TodoListData.swift in Sources */ = {isa = PBXBuildFile; fileRef = 55F5B52B2B037C3900723842 /* TodoListData.swift */; };
		55F5B52E2B037E1600723842 /* TodoListStore.swift in Sources */ = {isa = PBXBuildFile; fileRef = 55F5B52D2B037E1600723842 /* TodoListStore.swift */; };
		55F5B5342B03804100723842 /* sample.json in Resources */ = {isa = PBXBuildFile; fileRef = 55F5B5332B03804100723842 /* sample.json */; };
		55F5B5352B0380C600723842 /* sample.json in Resources */ = {isa = PBXBuildFile; fileRef = 55F5B5332B03804100723842 /* sample.json */; };
		55F5B5362B0380C700723842 /* sample.json in Resources */ = {isa = PBXBuildFile; fileRef = 55F5B5332B03804100723842 /* sample.json */; };
/* End PBXBuildFile section */

/* Begin PBXContainerItemProxy section */
		55F5B50F2B03539B00723842 /* PBXContainerItemProxy */ = {
			isa = PBXContainerItemProxy;
			containerPortal = 55F5B4F62B03539700723842 /* Project object */;
			proxyType = 1;
			remoteGlobalIDString = 55F5B4FD2B03539800723842;
			remoteInfo = TodoListDemo;
		};
		55F5B5192B03539B00723842 /* PBXContainerItemProxy */ = {
			isa = PBXContainerItemProxy;
			containerPortal = 55F5B4F62B03539700723842 /* Project object */;
			proxyType = 1;
			remoteGlobalIDString = 55F5B4FD2B03539800723842;
			remoteInfo = TodoListDemo;
		};
/* End PBXContainerItemProxy section */

/* Begin PBXFileReference section */
		55F5B4FE2B03539800723842 /* TodoListDemo.app */ = {isa = PBXFileReference; explicitFileType = wrapper.application; includeInIndex = 0; path = TodoListDemo.app; sourceTree = BUILT_PRODUCTS_DIR; };
		55F5B5012B03539800723842 /* TodoListDemoApp.swift */ = {isa = PBXFileReference; lastKnownFileType = sourcecode.swift; path = TodoListDemoApp.swift; sourceTree = "<group>"; };
		55F5B5032B03539800723842 /* ContentView.swift */ = {isa = PBXFileReference; lastKnownFileType = sourcecode.swift; path = ContentView.swift; sourceTree = "<group>"; usesTabs = 0; };
		55F5B5052B03539B00723842 /* Assets.xcassets */ = {isa = PBXFileReference; lastKnownFileType = folder.assetcatalog; path = Assets.xcassets; sourceTree = "<group>"; };
		55F5B5082B03539B00723842 /* Preview Assets.xcassets */ = {isa = PBXFileReference; lastKnownFileType = folder.assetcatalog; path = "Preview Assets.xcassets"; sourceTree = "<group>"; };
		55F5B50E2B03539B00723842 /* TodoListDemoTests.xctest */ = {isa = PBXFileReference; explicitFileType = wrapper.cfbundle; includeInIndex = 0; path = TodoListDemoTests.xctest; sourceTree = BUILT_PRODUCTS_DIR; };
		55F5B5122B03539B00723842 /* TodoListDemoTests.swift */ = {isa = PBXFileReference; lastKnownFileType = sourcecode.swift; path = TodoListDemoTests.swift; sourceTree = "<group>"; };
		55F5B5182B03539B00723842 /* TodoListDemoUITests.xctest */ = {isa = PBXFileReference; explicitFileType = wrapper.cfbundle; includeInIndex = 0; path = TodoListDemoUITests.xctest; sourceTree = BUILT_PRODUCTS_DIR; };
		55F5B51C2B03539B00723842 /* TodoListDemoUITests.swift */ = {isa = PBXFileReference; lastKnownFileType = sourcecode.swift; path = TodoListDemoUITests.swift; sourceTree = "<group>"; };
		55F5B51E2B03539B00723842 /* TodoListDemoUITestsLaunchTests.swift */ = {isa = PBXFileReference; lastKnownFileType = sourcecode.swift; path = TodoListDemoUITestsLaunchTests.swift; sourceTree = "<group>"; };
		55F5B52B2B037C3900723842 /* TodoListData.swift */ = {isa = PBXFileReference; lastKnownFileType = sourcecode.swift; path = TodoListData.swift; sourceTree = "<group>"; };
		55F5B52D2B037E1600723842 /* TodoListStore.swift */ = {isa = PBXFileReference; lastKnownFileType = sourcecode.swift; path = TodoListStore.swift; sourceTree = "<group>"; };
		55F5B5332B03804100723842 /* sample.json */ = {isa = PBXFileReference; fileEncoding = 4; lastKnownFileType = text.json; name = sample.json; path = TodoListDemoUITests/sample.json; sourceTree = SOURCE_ROOT; };
/* End PBXFileReference section */

/* Begin PBXFrameworksBuildPhase section */
		55F5B4FB2B03539800723842 /* Frameworks */ = {
			isa = PBXFrameworksBuildPhase;
			buildActionMask = 2147483647;
			files = (
			);
			runOnlyForDeploymentPostprocessing = 0;
		};
		55F5B50B2B03539B00723842 /* Frameworks */ = {
			isa = PBXFrameworksBuildPhase;
			buildActionMask = 2147483647;
			files = (
			);
			runOnlyForDeploymentPostprocessing = 0;
		};
		55F5B5152B03539B00723842 /* Frameworks */ = {
			isa = PBXFrameworksBuildPhase;
			buildActionMask = 2147483647;
			files = (
			);
			runOnlyForDeploymentPostprocessing = 0;
		};
/* End PBXFrameworksBuildPhase section */

/* Begin PBXGroup section */
		55F5B4F52B03539700723842 = {
			isa = PBXGroup;
			children = (
				55F5B5002B03539800723842 /* TodoListDemo */,
				55F5B5112B03539B00723842 /* TodoListDemoTests */,
				55F5B51B2B03539B00723842 /* TodoListDemoUITests */,
				55F5B4FF2B03539800723842 /* Products */,
			);
			sourceTree = "<group>";
		};
		55F5B4FF2B03539800723842 /* Products */ = {
			isa = PBXGroup;
			children = (
				55F5B4FE2B03539800723842 /* TodoListDemo.app */,
				55F5B50E2B03539B00723842 /* TodoListDemoTests.xctest */,
				55F5B5182B03539B00723842 /* TodoListDemoUITests.xctest */,
			);
			name = Products;
			sourceTree = "<group>";
		};
		55F5B5002B03539800723842 /* TodoListDemo */ = {
			isa = PBXGroup;
			children = (
				55F5B5012B03539800723842 /* TodoListDemoApp.swift */,
				55F5B5032B03539800723842 /* ContentView.swift */,
				55F5B52B2B037C3900723842 /* TodoListData.swift */,
				55F5B52D2B037E1600723842 /* TodoListStore.swift */,
				55F5B5052B03539B00723842 /* Assets.xcassets */,
				55F5B5332B03804100723842 /* sample.json */,
				55F5B5072B03539B00723842 /* Preview Content */,
			);
			path = TodoListDemo;
			sourceTree = "<group>";
		};
		55F5B5072B03539B00723842 /* Preview Content */ = {
			isa = PBXGroup;
			children = (
				55F5B5082B03539B00723842 /* Preview Assets.xcassets */,
			);
			path = "Preview Content";
			sourceTree = "<group>";
		};
		55F5B5112B03539B00723842 /* TodoListDemoTests */ = {
			isa = PBXGroup;
			children = (
				55F5B5122B03539B00723842 /* TodoListDemoTests.swift */,
			);
			path = TodoListDemoTests;
			sourceTree = "<group>";
		};
		55F5B51B2B03539B00723842 /* TodoListDemoUITests */ = {
			isa = PBXGroup;
			children = (
				55F5B51C2B03539B00723842 /* TodoListDemoUITests.swift */,
				55F5B51E2B03539B00723842 /* TodoListDemoUITestsLaunchTests.swift */,
			);
			path = TodoListDemoUITests;
			sourceTree = "<group>";
		};
/* End PBXGroup section */

/* Begin PBXNativeTarget section */
		55F5B4FD2B03539800723842 /* TodoListDemo */ = {
			isa = PBXNativeTarget;
			buildConfigurationList = 55F5B5222B03539B00723842 /* Build configuration list for PBXNativeTarget "TodoListDemo" */;
			buildPhases = (
				55F5B4FA2B03539800723842 /* Sources */,
				55F5B4FB2B03539800723842 /* Frameworks */,
				55F5B4FC2B03539800723842 /* Resources */,
			);
			buildRules = (
			);
			dependencies = (
			);
			name = TodoListDemo;
			productName = TodoListDemo;
			productReference = 55F5B4FE2B03539800723842 /* TodoListDemo.app */;
			productType = "com.apple.product-type.application";
		};
		55F5B50D2B03539B00723842 /* TodoListDemoTests */ = {
			isa = PBXNativeTarget;
			buildConfigurationList = 55F5B5252B03539B00723842 /* Build configuration list for PBXNativeTarget "TodoListDemoTests" */;
			buildPhases = (
				55F5B50A2B03539B00723842 /* Sources */,
				55F5B50B2B03539B00723842 /* Frameworks */,
				55F5B50C2B03539B00723842 /* Resources */,
			);
			buildRules = (
			);
			dependencies = (
				55F5B5102B03539B00723842 /* PBXTargetDependency */,
			);
			name = TodoListDemoTests;
			productName = TodoListDemoTests;
			productReference = 55F5B50E2B03539B00723842 /* TodoListDemoTests.xctest */;
			productType = "com.apple.product-type.bundle.unit-test";
		};
		55F5B5172B03539B00723842 /* TodoListDemoUITests */ = {
			isa = PBXNativeTarget;
			buildConfigurationList = 55F5B5282B03539B00723842 /* Build configuration list for PBXNativeTarget "TodoListDemoUITests" */;
			buildPhases = (
				55F5B5142B03539B00723842 /* Sources */,
				55F5B5152B03539B00723842 /* Frameworks */,
				55F5B5162B03539B00723842 /* Resources */,
			);
			buildRules = (
			);
			dependencies = (
				55F5B51A2B03539B00723842 /* PBXTargetDependency */,
			);
			name = TodoListDemoUITests;
			productName = TodoListDemoUITests;
			productReference = 55F5B5182B03539B00723842 /* TodoListDemoUITests.xctest */;
			productType = "com.apple.product-type.bundle.ui-testing";
		};
/* End PBXNativeTarget section */

/* Begin PBXProject section */
		55F5B4F62B03539700723842 /* Project object */ = {
			isa = PBXProject;
			attributes = {
				BuildIndependentTargetsInParallel = 1;
				LastSwiftUpdateCheck = 1500;
				LastUpgradeCheck = 1500;
				TargetAttributes = {
					55F5B4FD2B03539800723842 = {
						CreatedOnToolsVersion = 15.0.1;
					};
					55F5B50D2B03539B00723842 = {
						CreatedOnToolsVersion = 15.0.1;
						TestTargetID = 55F5B4FD2B03539800723842;
					};
					55F5B5172B03539B00723842 = {
						CreatedOnToolsVersion = 15.0.1;
						TestTargetID = 55F5B4FD2B03539800723842;
					};
				};
			};
			buildConfigurationList = 55F5B4F92B03539700723842 /* Build configuration list for PBXProject "TodoListDemo" */;
			compatibilityVersion = "Xcode 14.0";
			developmentRegion = en;
			hasScannedForEncodings = 0;
			knownRegions = (
				en,
				Base,
			);
			mainGroup = 55F5B4F52B03539700723842;
			productRefGroup = 55F5B4FF2B03539800723842 /* Products */;
			projectDirPath = "";
			projectRoot = "";
			targets = (
				55F5B4FD2B03539800723842 /* TodoListDemo */,
				55F5B50D2B03539B00723842 /* TodoListDemoTests */,
				55F5B5172B03539B00723842 /* TodoListDemoUITests */,
			);
		};
/* End PBXProject section */

/* Begin PBXResourcesBuildPhase section */
		55F5B4FC2B03539800723842 /* Resources */ = {
			isa = PBXResourcesBuildPhase;
			buildActionMask = 2147483647;
			files = (
				55F5B5092B03539B00723842 /* Preview Assets.xcassets in Resources */,
				55F5B5062B03539B00723842 /* Assets.xcassets in Resources */,
				55F5B5342B03804100723842 /* sample.json in Resources */,
			);
			runOnlyForDeploymentPostprocessing = 0;
		};
		55F5B50C2B03539B00723842 /* Resources */ = {
			isa = PBXResourcesBuildPhase;
			buildActionMask = 2147483647;
			files = (
				55F5B5352B0380C600723842 /* sample.json in Resources */,
			);
			runOnlyForDeploymentPostprocessing = 0;
		};
		55F5B5162B03539B00723842 /* Resources */ = {
			isa = PBXResourcesBuildPhase;
			buildActionMask = 2147483647;
			files = (
				55F5B5362B0380C700723842 /* sample.json in Resources */,
			);
			runOnlyForDeploymentPostprocessing = 0;
		};
/* End PBXResourcesBuildPhase section */

/* Begin PBXSourcesBuildPhase section */
		55F5B4FA2B03539800723842 /* Sources */ = {
			isa = PBXSourcesBuildPhase;
			buildActionMask = 2147483647;
			files = (
				55F5B52C2B037C3900723842 /* TodoListData.swift in Sources */,
				55F5B52E2B037E1600723842 /* TodoListStore.swift in Sources */,
				55F5B5042B03539800723842 /* ContentView.swift in Sources */,
				55F5B5022B03539800723842 /* TodoListDemoApp.swift in Sources */,
			);
			runOnlyForDeploymentPostprocessing = 0;
		};
		55F5B50A2B03539B00723842 /* Sources */ = {
			isa = PBXSourcesBuildPhase;
			buildActionMask = 2147483647;
			files = (
				55F5B5132B03539B00723842 /* TodoListDemoTests.swift in Sources */,
			);
			runOnlyForDeploymentPostprocessing = 0;
		};
		55F5B5142B03539B00723842 /* Sources */ = {
			isa = PBXSourcesBuildPhase;
			buildActionMask = 2147483647;
			files = (
				55F5B51D2B03539B00723842 /* TodoListDemoUITests.swift in Sources */,
				55F5B51F2B03539B00723842 /* TodoListDemoUITestsLaunchTests.swift in Sources */,
			);
			runOnlyForDeploymentPostprocessing = 0;
		};
/* End PBXSourcesBuildPhase section */

/* Begin PBXTargetDependency section */
		55F5B5102B03539B00723842 /* PBXTargetDependency */ = {
			isa = PBXTargetDependency;
			target = 55F5B4FD2B03539800723842 /* TodoListDemo */;
			targetProxy = 55F5B50F2B03539B00723842 /* PBXContainerItemProxy */;
		};
		55F5B51A2B03539B00723842 /* PBXTargetDependency */ = {
			isa = PBXTargetDependency;
			target = 55F5B4FD2B03539800723842 /* TodoListDemo */;
			targetProxy = 55F5B5192B03539B00723842 /* PBXContainerItemProxy */;
		};
/* End PBXTargetDependency section */

/* Begin XCBuildConfiguration section */
		55F5B5202B03539B00723842 /* Debug */ = {
			isa = XCBuildConfiguration;
			buildSettings = {
				ALWAYS_SEARCH_USER_PATHS = NO;
				ASSETCATALOG_COMPILER_GENERATE_SWIFT_ASSET_SYMBOL_EXTENSIONS = YES;
				CLANG_ANALYZER_NONNULL = YES;
				CLANG_ANALYZER_NUMBER_OBJECT_CONVERSION = YES_AGGRESSIVE;
				CLANG_CXX_LANGUAGE_STANDARD = "gnu++20";
				CLANG_ENABLE_MODULES = YES;
				CLANG_ENABLE_OBJC_ARC = YES;
				CLANG_ENABLE_OBJC_WEAK = YES;
				CLANG_WARN_BLOCK_CAPTURE_AUTORELEASING = YES;
				CLANG_WARN_BOOL_CONVERSION = YES;
				CLANG_WARN_COMMA = YES;
				CLANG_WARN_CONSTANT_CONVERSION = YES;
				CLANG_WARN_DEPRECATED_OBJC_IMPLEMENTATIONS = YES;
				CLANG_WARN_DIRECT_OBJC_ISA_USAGE = YES_ERROR;
				CLANG_WARN_DOCUMENTATION_COMMENTS = YES;
				CLANG_WARN_EMPTY_BODY = YES;
				CLANG_WARN_ENUM_CONVERSION = YES;
				CLANG_WARN_INFINITE_RECURSION = YES;
				CLANG_WARN_INT_CONVERSION = YES;
				CLANG_WARN_NON_LITERAL_NULL_CONVERSION = YES;
				CLANG_WARN_OBJC_IMPLICIT_RETAIN_SELF = YES;
				CLANG_WARN_OBJC_LITERAL_CONVERSION = YES;
				CLANG_WARN_OBJC_ROOT_CLASS = YES_ERROR;
				CLANG_WARN_QUOTED_INCLUDE_IN_FRAMEWORK_HEADER = YES;
				CLANG_WARN_RANGE_LOOP_ANALYSIS = YES;
				CLANG_WARN_STRICT_PROTOTYPES = YES;
				CLANG_WARN_SUSPICIOUS_MOVE = YES;
				CLANG_WARN_UNGUARDED_AVAILABILITY = YES_AGGRESSIVE;
				CLANG_WARN_UNREACHABLE_CODE = YES;
				CLANG_WARN__DUPLICATE_METHOD_MATCH = YES;
				COPY_PHASE_STRIP = NO;
				DEBUG_INFORMATION_FORMAT = dwarf;
				ENABLE_STRICT_OBJC_MSGSEND = YES;
				ENABLE_TESTABILITY = YES;
				ENABLE_USER_SCRIPT_SANDBOXING = YES;
				GCC_C_LANGUAGE_STANDARD = gnu17;
				GCC_DYNAMIC_NO_PIC = NO;
				GCC_NO_COMMON_BLOCKS = YES;
				GCC_OPTIMIZATION_LEVEL = 0;
				GCC_PREPROCESSOR_DEFINITIONS = (
					"DEBUG=1",
					"$(inherited)",
				);
				GCC_WARN_64_TO_32_BIT_CONVERSION = YES;
				GCC_WARN_ABOUT_RETURN_TYPE = YES_ERROR;
				GCC_WARN_UNDECLARED_SELECTOR = YES;
				GCC_WARN_UNINITIALIZED_AUTOS = YES_AGGRESSIVE;
				GCC_WARN_UNUSED_FUNCTION = YES;
				GCC_WARN_UNUSED_VARIABLE = YES;
				IPHONEOS_DEPLOYMENT_TARGET = 17.0;
				LOCALIZATION_PREFERS_STRING_CATALOGS = YES;
				MTL_ENABLE_DEBUG_INFO = INCLUDE_SOURCE;
				MTL_FAST_MATH = YES;
				ONLY_ACTIVE_ARCH = YES;
				SDKROOT = iphoneos;
				SWIFT_ACTIVE_COMPILATION_CONDITIONS = "DEBUG $(inherited)";
				SWIFT_OPTIMIZATION_LEVEL = "-Onone";
			};
			name = Debug;
		};
		55F5B5212B03539B00723842 /* Release */ = {
			isa = XCBuildConfiguration;
			buildSettings = {
				ALWAYS_SEARCH_USER_PATHS = NO;
				ASSETCATALOG_COMPILER_GENERATE_SWIFT_ASSET_SYMBOL_EXTENSIONS = YES;
				CLANG_ANALYZER_NONNULL = YES;
				CLANG_ANALYZER_NUMBER_OBJECT_CONVERSION = YES_AGGRESSIVE;
				CLANG_CXX_LANGUAGE_STANDARD = "gnu++20";
				CLANG_ENABLE_MODULES = YES;
				CLANG_ENABLE_OBJC_ARC = YES;
				CLANG_ENABLE_OBJC_WEAK = YES;
				CLANG_WARN_BLOCK_CAPTURE_AUTORELEASING = YES;
				CLANG_WARN_BOOL_CONVERSION = YES;
				CLANG_WARN_COMMA = YES;
				CLANG_WARN_CONSTANT_CONVERSION = YES;
				CLANG_WARN_DEPRECATED_OBJC_IMPLEMENTATIONS = YES;
				CLANG_WARN_DIRECT_OBJC_ISA_USAGE = YES_ERROR;
				CLANG_WARN_DOCUMENTATION_COMMENTS = YES;
				CLANG_WARN_EMPTY_BODY = YES;
				CLANG_WARN_ENUM_CONVERSION = YES;
				CLANG_WARN_INFINITE_RECURSION = YES;
				CLANG_WARN_INT_CONVERSION = YES;
				CLANG_WARN_NON_LITERAL_NULL_CONVERSION = YES;
				CLANG_WARN_OBJC_IMPLICIT_RETAIN_SELF = YES;
				CLANG_WARN_OBJC_LITERAL_CONVERSION = YES;
				CLANG_WARN_OBJC_ROOT_CLASS = YES_ERROR;
				CLANG_WARN_QUOTED_INCLUDE_IN_FRAMEWORK_HEADER = YES;
				CLANG_WARN_RANGE_LOOP_ANALYSIS = YES;
				CLANG_WARN_STRICT_PROTOTYPES = YES;
				CLANG_WARN_SUSPICIOUS_MOVE = YES;
				CLANG_WARN_UNGUARDED_AVAILABILITY = YES_AGGRESSIVE;
				CLANG_WARN_UNREACHABLE_CODE = YES;
				CLANG_WARN__DUPLICATE_METHOD_MATCH = YES;
				COPY_PHASE_STRIP = NO;
				DEBUG_INFORMATION_FORMAT = "dwarf-with-dsym";
				ENABLE_NS_ASSERTIONS = NO;
				ENABLE_STRICT_OBJC_MSGSEND = YES;
				ENABLE_USER_SCRIPT_SANDBOXING = YES;
				GCC_C_LANGUAGE_STANDARD = gnu17;
				GCC_NO_COMMON_BLOCKS = YES;
				GCC_WARN_64_TO_32_BIT_CONVERSION = YES;
				GCC_WARN_ABOUT_RETURN_TYPE = YES_ERROR;
				GCC_WARN_UNDECLARED_SELECTOR = YES;
				GCC_WARN_UNINITIALIZED_AUTOS = YES_AGGRESSIVE;
				GCC_WARN_UNUSED_FUNCTION = YES;
				GCC_WARN_UNUSED_VARIABLE = YES;
				IPHONEOS_DEPLOYMENT_TARGET = 17.0;
				LOCALIZATION_PREFERS_STRING_CATALOGS = YES;
				MTL_ENABLE_DEBUG_INFO = NO;
				MTL_FAST_MATH = YES;
				SDKROOT = iphoneos;
				SWIFT_COMPILATION_MODE = wholemodule;
				VALIDATE_PRODUCT = YES;
			};
			name = Release;
		};
		55F5B5232B03539B00723842 /* Debug */ = {
			isa = XCBuildConfiguration;
			buildSettings = {
				ASSETCATALOG_COMPILER_APPICON_NAME = AppIcon;
				ASSETCATALOG_COMPILER_GLOBAL_ACCENT_COLOR_NAME = AccentColor;
				CODE_SIGN_STYLE = Automatic;
				CURRENT_PROJECT_VERSION = 1;
				DEVELOPMENT_ASSET_PATHS = "\"TodoListDemo/Preview Content\"";
				ENABLE_PREVIEWS = YES;
				GENERATE_INFOPLIST_FILE = YES;
				INFOPLIST_KEY_UIApplicationSceneManifest_Generation = YES;
				INFOPLIST_KEY_UIApplicationSupportsIndirectInputEvents = YES;
				INFOPLIST_KEY_UILaunchScreen_Generation = YES;
				INFOPLIST_KEY_UISupportedInterfaceOrientations_iPad = "UIInterfaceOrientationPortrait UIInterfaceOrientationPortraitUpsideDown UIInterfaceOrientationLandscapeLeft UIInterfaceOrientationLandscapeRight";
				INFOPLIST_KEY_UISupportedInterfaceOrientations_iPhone = "UIInterfaceOrientationPortrait UIInterfaceOrientationLandscapeLeft UIInterfaceOrientationLandscapeRight";
				LD_RUNPATH_SEARCH_PATHS = (
					"$(inherited)",
					"@executable_path/Frameworks",
				);
				MARKETING_VERSION = 1.0;
				PRODUCT_BUNDLE_IDENTIFIER = poo.TodoListDemo;
				PRODUCT_NAME = "$(TARGET_NAME)";
				SWIFT_EMIT_LOC_STRINGS = YES;
				SWIFT_VERSION = 5.0;
				TARGETED_DEVICE_FAMILY = "1,2";
			};
			name = Debug;
		};
		55F5B5242B03539B00723842 /* Release */ = {
			isa = XCBuildConfiguration;
			buildSettings = {
				ASSETCATALOG_COMPILER_APPICON_NAME = AppIcon;
				ASSETCATALOG_COMPILER_GLOBAL_ACCENT_COLOR_NAME = AccentColor;
				CODE_SIGN_STYLE = Automatic;
				CURRENT_PROJECT_VERSION = 1;
				DEVELOPMENT_ASSET_PATHS = "\"TodoListDemo/Preview Content\"";
				ENABLE_PREVIEWS = YES;
				GENERATE_INFOPLIST_FILE = YES;
				INFOPLIST_KEY_UIApplicationSceneManifest_Generation = YES;
				INFOPLIST_KEY_UIApplicationSupportsIndirectInputEvents = YES;
				INFOPLIST_KEY_UILaunchScreen_Generation = YES;
				INFOPLIST_KEY_UISupportedInterfaceOrientations_iPad = "UIInterfaceOrientationPortrait UIInterfaceOrientationPortraitUpsideDown UIInterfaceOrientationLandscapeLeft UIInterfaceOrientationLandscapeRight";
				INFOPLIST_KEY_UISupportedInterfaceOrientations_iPhone = "UIInterfaceOrientationPortrait UIInterfaceOrientationLandscapeLeft UIInterfaceOrientationLandscapeRight";
				LD_RUNPATH_SEARCH_PATHS = (
					"$(inherited)",
					"@executable_path/Frameworks",
				);
				MARKETING_VERSION = 1.0;
				PRODUCT_BUNDLE_IDENTIFIER = poo.TodoListDemo;
				PRODUCT_NAME = "$(TARGET_NAME)";
				SWIFT_EMIT_LOC_STRINGS = YES;
				SWIFT_VERSION = 5.0;
				TARGETED_DEVICE_FAMILY = "1,2";
			};
			name = Release;
		};
		55F5B5262B03539B00723842 /* Debug */ = {
			isa = XCBuildConfiguration;
			buildSettings = {
				ALWAYS_EMBED_SWIFT_STANDARD_LIBRARIES = YES;
				BUNDLE_LOADER = "$(TEST_HOST)";
				CODE_SIGN_STYLE = Automatic;
				CURRENT_PROJECT_VERSION = 1;
				GENERATE_INFOPLIST_FILE = YES;
				IPHONEOS_DEPLOYMENT_TARGET = 17.0;
				MARKETING_VERSION = 1.0;
				PRODUCT_BUNDLE_IDENTIFIER = poo.TodoListDemoTests;
				PRODUCT_NAME = "$(TARGET_NAME)";
				SWIFT_EMIT_LOC_STRINGS = NO;
				SWIFT_VERSION = 5.0;
				TARGETED_DEVICE_FAMILY = "1,2";
				TEST_HOST = "$(BUILT_PRODUCTS_DIR)/TodoListDemo.app/$(BUNDLE_EXECUTABLE_FOLDER_PATH)/TodoListDemo";
			};
			name = Debug;
		};
		55F5B5272B03539B00723842 /* Release */ = {
			isa = XCBuildConfiguration;
			buildSettings = {
				ALWAYS_EMBED_SWIFT_STANDARD_LIBRARIES = YES;
				BUNDLE_LOADER = "$(TEST_HOST)";
				CODE_SIGN_STYLE = Automatic;
				CURRENT_PROJECT_VERSION = 1;
				GENERATE_INFOPLIST_FILE = YES;
				IPHONEOS_DEPLOYMENT_TARGET = 17.0;
				MARKETING_VERSION = 1.0;
				PRODUCT_BUNDLE_IDENTIFIER = poo.TodoListDemoTests;
				PRODUCT_NAME = "$(TARGET_NAME)";
				SWIFT_EMIT_LOC_STRINGS = NO;
				SWIFT_VERSION = 5.0;
				TARGETED_DEVICE_FAMILY = "1,2";
				TEST_HOST = "$(BUILT_PRODUCTS_DIR)/TodoListDemo.app/$(BUNDLE_EXECUTABLE_FOLDER_PATH)/TodoListDemo";
			};
			name = Release;
		};
		55F5B5292B03539B00723842 /* Debug */ = {
			isa = XCBuildConfiguration;
			buildSettings = {
				ALWAYS_EMBED_SWIFT_STANDARD_LIBRARIES = YES;
				CODE_SIGN_STYLE = Automatic;
				CURRENT_PROJECT_VERSION = 1;
				GENERATE_INFOPLIST_FILE = YES;
				MARKETING_VERSION = 1.0;
				PRODUCT_BUNDLE_IDENTIFIER = poo.TodoListDemoUITests;
				PRODUCT_NAME = "$(TARGET_NAME)";
				SWIFT_EMIT_LOC_STRINGS = NO;
				SWIFT_VERSION = 5.0;
				TARGETED_DEVICE_FAMILY = "1,2";
				TEST_TARGET_NAME = TodoListDemo;
			};
			name = Debug;
		};
		55F5B52A2B03539B00723842 /* Release */ = {
			isa = XCBuildConfiguration;
			buildSettings = {
				ALWAYS_EMBED_SWIFT_STANDARD_LIBRARIES = YES;
				CODE_SIGN_STYLE = Automatic;
				CURRENT_PROJECT_VERSION = 1;
				GENERATE_INFOPLIST_FILE = YES;
				MARKETING_VERSION = 1.0;
				PRODUCT_BUNDLE_IDENTIFIER = poo.TodoListDemoUITests;
				PRODUCT_NAME = "$(TARGET_NAME)";
				SWIFT_EMIT_LOC_STRINGS = NO;
				SWIFT_VERSION = 5.0;
				TARGETED_DEVICE_FAMILY = "1,2";
				TEST_TARGET_NAME = TodoListDemo;
			};
			name = Release;
		};
/* End XCBuildConfiguration section */

/* Begin XCConfigurationList section */
		55F5B4F92B03539700723842 /* Build configuration list for PBXProject "TodoListDemo" */ = {
			isa = XCConfigurationList;
			buildConfigurations = (
				55F5B5202B03539B00723842 /* Debug */,
				55F5B5212B03539B00723842 /* Release */,
			);
			defaultConfigurationIsVisible = 0;
			defaultConfigurationName = Release;
		};
		55F5B5222B03539B00723842 /* Build configuration list for PBXNativeTarget "TodoListDemo" */ = {
			isa = XCConfigurationList;
			buildConfigurations = (
				55F5B5232B03539B00723842 /* Debug */,
				55F5B5242B03539B00723842 /* Release */,
			);
			defaultConfigurationIsVisible = 0;
			defaultConfigurationName = Release;
		};
		55F5B5252B03539B00723842 /* Build configuration list for PBXNativeTarget "TodoListDemoTests" */ = {
			isa = XCConfigurationList;
			buildConfigurations = (
				55F5B5262B03539B00723842 /* Debug */,
				55F5B5272B03539B00723842 /* Release */,
			);
			defaultConfigurationIsVisible = 0;
			defaultConfigurationName = Release;
		};
		55F5B5282B03539B00723842 /* Build configuration list for PBXNativeTarget "TodoListDemoUITests" */ = {
			isa = XCConfigurationList;
			buildConfigurations = (
				55F5B5292B03539B00723842 /* Debug */,
				55F5B52A2B03539B00723842 /* Release */,
			);
			defaultConfigurationIsVisible = 0;
			defaultConfigurationName = Release;
		};
/* End XCConfigurationList section */
	};
	rootObject = 55F5B4F62B03539700723842 /* Project object */;
}
